Microsoft Visual Studio Solution File, Format Version 12.00
# Visual Studio 15
VisualStudioVersion = 15.0.27130.2020
MinimumVisualStudioVersion = 15.0.26124.0
Project("{9A19103F-16F7-4668-BE54-9A1E7A4F7556}") = "04-01", "04-01\04-01.csproj", "{30992301-EDB1-4847-B589-F25CCFC448A0}"
EndProject
Project("{9A19103F-16F7-4668-BE54-9A1E7A4F7556}") = "04-02", "04-02\04-02.csproj", "{E0013B2B-70CA-4A87-B637-7A3EAF8438C2}"
EndProject
Project("{9A19103F-16F7-4668-BE54-9A1E7A4F7556}") = "04-03", "04-03\04-03.csproj", "{ED4E6A4B-3279-44B2-B6CC-D7A5577C15DA}"
EndProject
Project("{9A19103F-16F7-4668-BE54-9A1E7A4F7556}") = "04-04", "04-04\04-04.csproj", "{739B59C4-DE15-490B-A17C-2F4AEE7945E3}"
EndProject
Project("{9A19103F-16F7-4668-BE54-9A1E7A4F7556}") = "04-05", "04-05\04-05.csproj", "{C283E3BE-B185-4033-A054-8C472BB89294}"
EndProject
Project("{9A19103F-16F7-4668-BE54-9A1E7A4F7556}") = "04-06", "04-06\04-06.csproj", "{76C932D6-7687-4504-9310-80363EAA5F99}"
EndProject
Project("{9A19103F-16F7-4668-BE54-9A1E7A4F7556}") = "04-07", "04-07\04-07.csproj", "{9DEE6EF2-64C0-4655-BB45-3ECF5F11A155}"
EndProject
Project("{9A19103F-16F7-4668-BE54-9A1E7A4F7556}") = "04-08", "04-08\04-08.csproj", "{53D9F9DC-3A8B-4B42-851E-C0C24E00F6A9}"
EndProject
Project("{9A19103F-16F7-4668-BE54-9A1E7A4F7556}") = "04-09", "04-09\04-09.csproj", "{A6CB9C68-FBDF-4CA8-8569-5102449E66D4}"
EndProject
Project("{9A19103F-16F7-4668-BE54-9A1E7A4F7556}") = "04-10", "04-10\04-10.csproj", "{8289834E-B8C0-41C1-8C58-87342AD86CAF}"
EndProject
Project("{9A19103F-16F7-4668-BE54-9A1E7A4F7556}") = "04-11", "04-11\04-11.csproj", "{AF49FB64-BBCA-48C8-A18B-CB7385FAF462}"
EndProject
Project("{9A19103F-16F7-4668-BE54-9A1E7A4F7556}") = "04-12", "04-12\04-12.csproj", "{3F1C12D2-24D4-4BB5-85E4-7A66268E15C0}"
EndProject
Global
	GlobalSection(SolutionConfigurationPlatforms) = preSolution
		Debug|Any CPU = Debug|Any CPU
		Debug|x64 = Debug|x64
		Debug|x86 = Debug|x86
		Release|Any CPU = Release|Any CPU
		Release|x64 = Release|x64
		Release|x86 = Release|x86
	EndGlobalSection
	GlobalSection(ProjectConfigurationPlatforms) = postSolution
		{30992301-EDB1-4847-B589-F25CCFC448A0}.Debug|Any CPU.ActiveCfg = Debug|Any CPU
		{30992301-EDB1-4847-B589-F25CCFC448A0}.Debug|Any CPU.Build.0 = Debug|Any CPU
		{30992301-EDB1-4847-B589-F25CCFC448A0}.Debug|x64.ActiveCfg = Debug|Any CPU
		{30992301-EDB1-4847-B589-F25CCFC448A0}.Debug|x64.Build.0 = Debug|Any CPU
		{30992301-EDB1-4847-B589-F25CCFC448A0}.Debug|x86.ActiveCfg = Debug|Any CPU
		{30992301-EDB1-4847-B589-F25CCFC448A0}.Debug|x86.Build.0 = Debug|Any CPU
		{30992301-EDB1-4847-B589-F25CCFC448A0}.Release|Any CPU.ActiveCfg = Release|Any CPU
		{30992301-EDB1-4847-B589-F25CCFC448A0}.Release|Any CPU.Build.0 = Release|Any CPU
		{30992301-EDB1-4847-B589-F25CCFC448A0}.Release|x64.ActiveCfg = Release|Any CPU
		{30992301-EDB1-4847-B589-F25CCFC448A0}.Release|x64.Build.0 = Release|Any CPU
		{30992301-EDB1-4847-B589-F25CCFC448A0}.Release|x86.ActiveCfg = Release|Any CPU
		{30992301-EDB1-4847-B589-F25CCFC448A0}.Release|x86.Build.0 = Release|Any CPU
		{E0013B2B-70CA-4A87-B637-7A3EAF8438C2}.Debug|Any CPU.ActiveCfg = Debug|Any CPU
		{E0013B2B-70CA-4A87-B637-7A3EAF8438C2}.Debug|Any CPU.Build.0 = Debug|Any CPU
		{E0013B2B-70CA-4A87-B637-7A3EAF8438C2}.Debug|x64.ActiveCfg = Debug|Any CPU
		{E0013B2B-70CA-4A87-B637-7A3EAF8438C2}.Debug|x64.Build.0 = Debug|Any CPU
		{E0013B2B-70CA-4A87-B637-7A3EAF8438C2}.Debug|x86.ActiveCfg = Debug|Any CPU
		{E0013B2B-70CA-4A87-B637-7A3EAF8438C2}.Debug|x86.Build.0 = Debug|Any CPU
		{E0013B2B-70CA-4A87-B637-7A3EAF8438C2}.Release|Any CPU.ActiveCfg = Release|Any CPU
		{E0013B2B-70CA-4A87-B637-7A3EAF8438C2}.Release|Any CPU.Build.0 = Release|Any CPU
		{E0013B2B-70CA-4A87-B637-7A3EAF8438C2}.Release|x64.ActiveCfg = Release|Any CPU
		{E0013B2B-70CA-4A87-B637-7A3EAF8438C2}.Release|x64.Build.0 = Release|Any CPU
		{E0013B2B-70CA-4A87-B637-7A3EAF8438C2}.Release|x86.ActiveCfg = Release|Any CPU
		{E0013B2B-70CA-4A87-B637-7A3EAF8438C2}.Release|x86.Build.0 = Release|Any CPU
		{ED4E6A4B-3279-44B2-B6CC-D7A5577C15DA}.Debug|Any CPU.ActiveCfg = Debug|Any CPU
		{ED4E6A4B-3279-44B2-B6CC-D7A5577C15DA}.Debug|Any CPU.Build.0 = Debug|Any CPU
		{ED4E6A4B-3279-44B2-B6CC-D7A5577C15DA}.Debug|x64.ActiveCfg = Debug|Any CPU
		{ED4E6A4B-3279-44B2-B6CC-D7A5577C15DA}.Debug|x64.Build.0 = Debug|Any CPU
		{ED4E6A4B-3279-44B2-B6CC-D7A5577C15DA}.Debug|x86.ActiveCfg = Debug|Any CPU
		{ED4E6A4B-3279-44B2-B6CC-D7A5577C15DA}.Debug|x86.Build.0 = Debug|Any CPU
		{ED4E6A4B-3279-44B2-B6CC-D7A5577C15DA}.Release|Any CPU.ActiveCfg = Release|Any CPU
		{ED4E6A4B-3279-44B2-B6CC-D7A5577C15DA}.Release|Any CPU.Build.0 = Release|Any CPU
		{ED4E6A4B-3279-44B2-B6CC-D7A5577C15DA}.Release|x64.ActiveCfg = Release|Any CPU
		{ED4E6A4B-3279-44B2-B6CC-D7A5577C15DA}.Release|x64.Build.0 = Release|Any CPU
		{ED4E6A4B-3279-44B2-B6CC-D7A5577C15DA}.Release|x86.ActiveCfg = Release|Any CPU
		{ED4E6A4B-3279-44B2-B6CC-D7A5577C15DA}.Release|x86.Build.0 = Release|Any CPU
		{739B59C4-DE15-490B-A17C-2F4AEE7945E3}.Debug|Any CPU.ActiveCfg = Debug|Any CPU
		{739B59C4-DE15-490B-A17C-2F4AEE7945E3}.Debug|Any CPU.Build.0 = Debug|Any CPU
		{739B59C4-DE15-490B-A17C-2F4AEE7945E3}.Debug|x64.ActiveCfg = Debug|Any CPU
		{739B59C4-DE15-490B-A17C-2F4AEE7945E3}.Debug|x64.Build.0 = Debug|Any CPU
		{739B59C4-DE15-490B-A17C-2F4AEE7945E3}.Debug|x86.ActiveCfg = Debug|Any CPU
		{739B59C4-DE15-490B-A17C-2F4AEE7945E3}.Debug|x86.Build.0 = Debug|Any CPU
		{739B59C4-DE15-490B-A17C-2F4AEE7945E3}.Release|Any CPU.ActiveCfg = Release|Any CPU
		{739B59C4-DE15-490B-A17C-2F4AEE7945E3}.Release|Any CPU.Build.0 = Release|Any CPU
		{739B59C4-DE15-490B-A17C-2F4AEE7945E3}.Release|x64.ActiveCfg = Release|Any CPU
		{739B59C4-DE15-490B-A17C-2F4AEE7945E3}.Release|x64.Build.0 = Release|Any CPU
		{739B59C4-DE15-490B-A17C-2F4AEE7945E3}.Release|x86.ActiveCfg = Release|Any CPU
		{739B59C4-DE15-490B-A17C-2F4AEE7945E3}.Release|x86.Build.0 = Release|Any CPU
		{C283E3BE-B185-4033-A054-8C472BB89294}.Debug|Any CPU.ActiveCfg = Debug|Any CPU
		{C283E3BE-B185-4033-A054-8C472BB89294}.Debug|Any CPU.Build.0 = Debug|Any CPU
		{C283E3BE-B185-4033-A054-8C472BB89294}.Debug|x64.ActiveCfg = Debug|Any CPU
		{C283E3BE-B185-4033-A054-8C472BB89294}.Debug|x64.Build.0 = Debug|Any CPU
		{C283E3BE-B185-4033-A054-8C472BB89294}.Debug|x86.ActiveCfg = Debug|Any CPU
		{C283E3BE-B185-4033-A054-8C472BB89294}.Debug|x86.Build.0 = Debug|Any CPU
		{C283E3BE-B185-4033-A054-8C472BB89294}.Release|Any CPU.ActiveCfg = Release|Any CPU
		{C283E3BE-B185-4033-A054-8C472BB89294}.Release|Any CPU.Build.0 = Release|Any CPU
		{C283E3BE-B185-4033-A054-8C472BB89294}.Release|x64.ActiveCfg = Release|Any CPU
		{C283E3BE-B185-4033-A054-8C472BB89294}.Release|x64.Build.0 = Release|Any CPU
		{C283E3BE-B185-4033-A054-8C472BB89294}.Release|x86.ActiveCfg = Release|Any CPU
		{C283E3BE-B185-4033-A054-8C472BB89294}.Release|x86.Build.0 = Release|Any CPU
		{76C932D6-7687-4504-9310-80363EAA5F99}.Debug|Any CPU.ActiveCfg = Debug|Any CPU
		{76C932D6-7687-4504-9310-80363EAA5F99}.Debug|Any CPU.Build.0 = Debug|Any CPU
		{76C932D6-7687-4504-9310-80363EAA5F99}.Debug|x64.ActiveCfg = Debug|Any CPU
		{76C932D6-7687-4504-9310-80363EAA5F99}.Debug|x64.Build.0 = Debug|Any CPU
		{76C932D6-7687-4504-9310-80363EAA5F99}.Debug|x86.ActiveCfg = Debug|Any CPU
		{76C932D6-7687-4504-9310-80363EAA5F99}.Debug|x86.Build.0 = Debug|Any CPU
		{76C932D6-7687-4504-9310-80363EAA5F99}.Release|Any CPU.ActiveCfg = Release|Any CPU
		{76C932D6-7687-4504-9310-80363EAA5F99}.Release|Any CPU.Build.0 = Release|Any CPU
		{76C932D6-7687-4504-9310-80363EAA5F99}.Release|x64.ActiveCfg = Release|Any CPU
		{76C932D6-7687-4504-9310-80363EAA5F99}.Release|x64.Build.0 = Release|Any CPU
		{76C932D6-7687-4504-9310-80363EAA5F99}.Release|x86.ActiveCfg = Release|Any CPU
		{76C932D6-7687-4504-9310-80363EAA5F99}.Release|x86.Build.0 = Release|Any CPU
		{9DEE6EF2-64C0-4655-BB45-3ECF5F11A155}.Debug|Any CPU.ActiveCfg = Debug|Any CPU
		{9DEE6EF2-64C0-4655-BB45-3ECF5F11A155}.Debug|Any CPU.Build.0 = Debug|Any CPU
		{9DEE6EF2-64C0-4655-BB45-3ECF5F11A155}.Debug|x64.ActiveCfg = Debug|Any CPU
		{9DEE6EF2-64C0-4655-BB45-3ECF5F11A155}.Debug|x64.Build.0 = Debug|Any CPU
		{9DEE6EF2-64C0-4655-BB45-3ECF5F11A155}.Debug|x86.ActiveCfg = Debug|Any CPU
		{9DEE6EF2-64C0-4655-BB45-3ECF5F11A155}.Debug|x86.Build.0 = Debug|Any CPU
		{9DEE6EF2-64C0-4655-BB45-3ECF5F11A155}.Release|Any CPU.ActiveCfg = Release|Any CPU
		{9DEE6EF2-64C0-4655-BB45-3ECF5F11A155}.Release|Any CPU.Build.0 = Release|Any CPU
		{9DEE6EF2-64C0-4655-BB45-3ECF5F11A155}.Release|x64.ActiveCfg = Release|Any CPU
		{9DEE6EF2-64C0-4655-BB45-3ECF5F11A155}.Release|x64.Build.0 = Release|Any CPU
		{9DEE6EF2-64C0-4655-BB45-3ECF5F11A155}.Release|x86.ActiveCfg = Release|Any CPU
		{9DEE6EF2-64C0-4655-BB45-3ECF5F11A155}.Release|x86.Build.0 = Release|Any CPU
		{53D9F9DC-3A8B-4B42-851E-C0C24E00F6A9}.Debug|Any CPU.ActiveCfg = Debug|Any CPU
		{53D9F9DC-3A8B-4B42-851E-C0C24E00F6A9}.Debug|Any CPU.Build.0 = Debug|Any CPU
		{53D9F9DC-3A8B-4B42-851E-C0C24E00F6A9}.Debug|x64.ActiveCfg = Debug|Any CPU
		{53D9F9DC-3A8B-4B42-851E-C0C24E00F6A9}.Debug|x64.Build.0 = Debug|Any CPU
		{53D9F9DC-3A8B-4B42-851E-C0C24E00F6A9}.Debug|x86.ActiveCfg = Debug|Any CPU
		{53D9F9DC-3A8B-4B42-851E-C0C24E00F6A9}.Debug|x86.Build.0 = Debug|Any CPU
		{53D9F9DC-3A8B-4B42-851E-C0C24E00F6A9}.Release|Any CPU.ActiveCfg = Release|Any CPU
		{53D9F9DC-3A8B-4B42-851E-C0C24E00F6A9}.Release|Any CPU.Build.0 = Release|Any CPU
		{53D9F9DC-3A8B-4B42-851E-C0C24E00F6A9}.Release|x64.ActiveCfg = Release|Any CPU
		{53D9F9DC-3A8B-4B42-851E-C0C24E00F6A9}.Release|x64.Build.0 = Release|Any CPU
		{53D9F9DC-3A8B-4B42-851E-C0C24E00F6A9}.Release|x86.ActiveCfg = Release|Any CPU
		{53D9F9DC-3A8B-4B42-851E-C0C24E00F6A9}.Release|x86.Build.0 = Release|Any CPU
		{A6CB9C68-FBDF-4CA8-8569-5102449E66D4}.Debug|Any CPU.ActiveCfg = Debug|Any CPU
		{A6CB9C68-FBDF-4CA8-8569-5102449E66D4}.Debug|Any CPU.Build.0 = Debug|Any CPU
		{A6CB9C68-FBDF-4CA8-8569-5102449E66D4}.Debug|x64.ActiveCfg = Debug|Any CPU
		{A6CB9C68-FBDF-4CA8-8569-5102449E66D4}.Debug|x64.Build.0 = Debug|Any CPU
		{A6CB9C68-FBDF-4CA8-8569-5102449E66D4}.Debug|x86.ActiveCfg = Debug|Any CPU
		{A6CB9C68-FBDF-4CA8-8569-5102449E66D4}.Debug|x86.Build.0 = Debug|Any CPU
		{A6CB9C68-FBDF-4CA8-8569-5102449E66D4}.Release|Any CPU.ActiveCfg = Release|Any CPU
		{A6CB9C68-FBDF-4CA8-8569-5102449E66D4}.Release|Any CPU.Build.0 = Release|Any CPU
		{A6CB9C68-FBDF-4CA8-8569-5102449E66D4}.Release|x64.ActiveCfg = Release|Any CPU
		{A6CB9C68-FBDF-4CA8-8569-5102449E66D4}.Release|x64.Build.0 = Release|Any CPU
		{A6CB9C68-FBDF-4CA8-8569-5102449E66D4}.Release|x86.ActiveCfg = Release|Any CPU
		{A6CB9C68-FBDF-4CA8-8569-5102449E66D4}.Release|x86.Build.0 = Release|Any CPU
		{8289834E-B8C0-41C1-8C58-87342AD86CAF}.Debug|Any CPU.ActiveCfg = Debug|Any CPU
		{8289834E-B8C0-41C1-8C58-87342AD86CAF}.Debug|Any CPU.Build.0 = Debug|Any CPU
		{8289834E-B8C0-41C1-8C58-87342AD86CAF}.Debug|x64.ActiveCfg = Debug|Any CPU
		{8289834E-B8C0-41C1-8C58-87342AD86CAF}.Debug|x64.Build.0 = Debug|Any CPU
		{8289834E-B8C0-41C1-8C58-87342AD86CAF}.Debug|x86.ActiveCfg = Debug|Any CPU
		{8289834E-B8C0-41C1-8C58-87342AD86CAF}.Debug|x86.Build.0 = Debug|Any CPU
		{8289834E-B8C0-41C1-8C58-87342AD86CAF}.Release|Any CPU.ActiveCfg = Release|Any CPU
		{8289834E-B8C0-41C1-8C58-87342AD86CAF}.Release|Any CPU.Build.0 = Release|Any CPU
		{8289834E-B8C0-41C1-8C58-87342AD86CAF}.Release|x64.ActiveCfg = Release|Any CPU
		{8289834E-B8C0-41C1-8C58-87342AD86CAF}.Release|x64.Build.0 = Release|Any CPU
		{8289834E-B8C0-41C1-8C58-87342AD86CAF}.Release|x86.ActiveCfg = Release|Any CPU
		{8289834E-B8C0-41C1-8C58-87342AD86CAF}.Release|x86.Build.0 = Release|Any CPU
		{AF49FB64-BBCA-48C8-A18B-CB7385FAF462}.Debug|Any CPU.ActiveCfg = Debug|Any CPU
		{AF49FB64-BBCA-48C8-A18B-CB7385FAF462}.Debug|Any CPU.Build.0 = Debug|Any CPU
		{AF49FB64-BBCA-48C8-A18B-CB7385FAF462}.Debug|x64.ActiveCfg = Debug|Any CPU
		{AF49FB64-BBCA-48C8-A18B-CB7385FAF462}.Debug|x64.Build.0 = Debug|Any CPU
		{AF49FB64-BBCA-48C8-A18B-CB7385FAF462}.Debug|x86.ActiveCfg = Debug|Any CPU
		{AF49FB64-BBCA-48C8-A18B-CB7385FAF462}.Debug|x86.Build.0 = Debug|Any CPU
		{AF49FB64-BBCA-48C8-A18B-CB7385FAF462}.Release|Any CPU.ActiveCfg = Release|Any CPU
		{AF49FB64-BBCA-48C8-A18B-CB7385FAF462}.Release|Any CPU.Build.0 = Release|Any CPU
		{AF49FB64-BBCA-48C8-A18B-CB7385FAF462}.Release|x64.ActiveCfg = Release|Any CPU
		{AF49FB64-BBCA-48C8-A18B-CB7385FAF462}.Release|x64.Build.0 = Release|Any CPU
		{AF49FB64-BBCA-48C8-A18B-CB7385FAF462}.Release|x86.ActiveCfg = Release|Any CPU
		{AF49FB64-BBCA-48C8-A18B-CB7385FAF462}.Release|x86.Build.0 = Release|Any CPU
		{3F1C12D2-24D4-4BB5-85E4-7A66268E15C0}.Debug|Any CPU.ActiveCfg = Debug|Any CPU
		{3F1C12D2-24D4-4BB5-85E4-7A66268E15C0}.Debug|Any CPU.Build.0 = Debug|Any CPU
		{3F1C12D2-24D4-4BB5-85E4-7A66268E15C0}.Debug|x64.ActiveCfg = Debug|Any CPU
		{3F1C12D2-24D4-4BB5-85E4-7A66268E15C0}.Debug|x64.Build.0 = Debug|Any CPU
		{3F1C12D2-24D4-4BB5-85E4-7A66268E15C0}.Debug|x86.ActiveCfg = Debug|Any CPU
		{3F1C12D2-24D4-4BB5-85E4-7A66268E15C0}.Debug|x86.Build.0 = Debug|Any CPU
		{3F1C12D2-24D4-4BB5-85E4-7A66268E15C0}.Release|Any CPU.ActiveCfg = Release|Any CPU
		{3F1C12D2-24D4-4BB5-85E4-7A66268E15C0}.Release|Any CPU.Build.0 = Release|Any CPU
		{3F1C12D2-24D4-4BB5-85E4-7A66268E15C0}.Release|x64.ActiveCfg = Release|Any CPU
		{3F1C12D2-24D4-4BB5-85E4-7A66268E15C0}.Release|x64.Build.0 = Release|Any CPU
		{3F1C12D2-24D4-4BB5-85E4-7A66268E15C0}.Release|x86.ActiveCfg = Release|Any CPU
		{3F1C12D2-24D4-4BB5-85E4-7A66268E15C0}.Release|x86.Build.0 = Release|Any CPU
	EndGlobalSection
	GlobalSection(SolutionProperties) = preSolution
		HideSolutionNode = FALSE
	EndGlobalSection
	GlobalSection(ExtensibilityGlobals) = postSolution
		SolutionGuid = {CE5F03EE-76B3-4F20-BAB0-0B12A749B7F1}
	EndGlobalSection
EndGlobal
