Microsoft Visual Studio Solution File, Format Version 12.00
# Visual Studio 15
VisualStudioVersion = 15.0.27130.2020
MinimumVisualStudioVersion = 15.0.26124.0
Project("{9A19103F-16F7-4668-BE54-9A1E7A4F7556}") = "03-01", "03-01\03-01.csproj", "{D912820D-5500-4FB4-AE10-85BC20F234BD}"
EndProject
Project("{9A19103F-16F7-4668-BE54-9A1E7A4F7556}") = "03-02", "03-02\03-02.csproj", "{62D8E341-B07B-4F9E-B10B-6B8A642C464D}"
EndProject
Project("{9A19103F-16F7-4668-BE54-9A1E7A4F7556}") = "03-03", "03-03\03-03.csproj", "{8E2FD814-5BFA-4987-9549-278DE1854EED}"
EndProject
Project("{9A19103F-16F7-4668-BE54-9A1E7A4F7556}") = "03-04", "03-04\03-04.csproj", "{088216C9-59E2-46AD-B489-85DB6711C31F}"
EndProject
Project("{9A19103F-16F7-4668-BE54-9A1E7A4F7556}") = "03-05", "03-05\03-05.csproj", "{37AD77E2-5DA1-41E2-843B-46EABBD497DA}"
EndProject
Project("{9A19103F-16F7-4668-BE54-9A1E7A4F7556}") = "03-06", "03-06\03-06.csproj", "{29C3F1B1-3D07-4260-ADC0-76980E15A78D}"
EndProject
Project("{9A19103F-16F7-4668-BE54-9A1E7A4F7556}") = "03-07", "03-07\03-07.csproj", "{E186848F-1452-4B11-8DAF-C262F39ECB40}"
EndProject
Project("{FAE04EC0-301F-11D3-BF4B-00C04F79EFBC}") = "M03-08", "M03-08\M03-08.csproj", "{0E1B7A5E-A651-4D9E-BF20-619FC51E1620}"
EndProject
Project("{FAE04EC0-301F-11D3-BF4B-00C04F79EFBC}") = "M03-09", "M03-09\M03-09.csproj", "{5B2A3FC4-42EE-43E7-8F84-4A71F23C2653}"
EndProject
Project("{FAE04EC0-301F-11D3-BF4B-00C04F79EFBC}") = "M03-10", "M03-10\M03-10.csproj", "{49347573-E3CF-47AE-A754-D7B7E175D444}"
EndProject
Global
	GlobalSection(SolutionConfigurationPlatforms) = preSolution
		Debug|Any CPU = Debug|Any CPU
		Debug|x64 = Debug|x64
		Debug|x86 = Debug|x86
		Release|Any CPU = Release|Any CPU
		Release|x64 = Release|x64
		Release|x86 = Release|x86
	EndGlobalSection
	GlobalSection(ProjectConfigurationPlatforms) = postSolution
		{D912820D-5500-4FB4-AE10-85BC20F234BD}.Debug|Any CPU.ActiveCfg = Debug|Any CPU
		{D912820D-5500-4FB4-AE10-85BC20F234BD}.Debug|Any CPU.Build.0 = Debug|Any CPU
		{D912820D-5500-4FB4-AE10-85BC20F234BD}.Debug|x64.ActiveCfg = Debug|Any CPU
		{D912820D-5500-4FB4-AE10-85BC20F234BD}.Debug|x64.Build.0 = Debug|Any CPU
		{D912820D-5500-4FB4-AE10-85BC20F234BD}.Debug|x86.ActiveCfg = Debug|Any CPU
		{D912820D-5500-4FB4-AE10-85BC20F234BD}.Debug|x86.Build.0 = Debug|Any CPU
		{D912820D-5500-4FB4-AE10-85BC20F234BD}.Release|Any CPU.ActiveCfg = Release|Any CPU
		{D912820D-5500-4FB4-AE10-85BC20F234BD}.Release|Any CPU.Build.0 = Release|Any CPU
		{D912820D-5500-4FB4-AE10-85BC20F234BD}.Release|x64.ActiveCfg = Release|Any CPU
		{D912820D-5500-4FB4-AE10-85BC20F234BD}.Release|x64.Build.0 = Release|Any CPU
		{D912820D-5500-4FB4-AE10-85BC20F234BD}.Release|x86.ActiveCfg = Release|Any CPU
		{D912820D-5500-4FB4-AE10-85BC20F234BD}.Release|x86.Build.0 = Release|Any CPU
		{62D8E341-B07B-4F9E-B10B-6B8A642C464D}.Debug|Any CPU.ActiveCfg = Debug|Any CPU
		{62D8E341-B07B-4F9E-B10B-6B8A642C464D}.Debug|Any CPU.Build.0 = Debug|Any CPU
		{62D8E341-B07B-4F9E-B10B-6B8A642C464D}.Debug|x64.ActiveCfg = Debug|Any CPU
		{62D8E341-B07B-4F9E-B10B-6B8A642C464D}.Debug|x64.Build.0 = Debug|Any CPU
		{62D8E341-B07B-4F9E-B10B-6B8A642C464D}.Debug|x86.ActiveCfg = Debug|Any CPU
		{62D8E341-B07B-4F9E-B10B-6B8A642C464D}.Debug|x86.Build.0 = Debug|Any CPU
		{62D8E341-B07B-4F9E-B10B-6B8A642C464D}.Release|Any CPU.ActiveCfg = Release|Any CPU
		{62D8E341-B07B-4F9E-B10B-6B8A642C464D}.Release|Any CPU.Build.0 = Release|Any CPU
		{62D8E341-B07B-4F9E-B10B-6B8A642C464D}.Release|x64.ActiveCfg = Release|Any CPU
		{62D8E341-B07B-4F9E-B10B-6B8A642C464D}.Release|x64.Build.0 = Release|Any CPU
		{62D8E341-B07B-4F9E-B10B-6B8A642C464D}.Release|x86.ActiveCfg = Release|Any CPU
		{62D8E341-B07B-4F9E-B10B-6B8A642C464D}.Release|x86.Build.0 = Release|Any CPU
		{8E2FD814-5BFA-4987-9549-278DE1854EED}.Debug|Any CPU.ActiveCfg = Debug|Any CPU
		{8E2FD814-5BFA-4987-9549-278DE1854EED}.Debug|Any CPU.Build.0 = Debug|Any CPU
		{8E2FD814-5BFA-4987-9549-278DE1854EED}.Debug|x64.ActiveCfg = Debug|Any CPU
		{8E2FD814-5BFA-4987-9549-278DE1854EED}.Debug|x64.Build.0 = Debug|Any CPU
		{8E2FD814-5BFA-4987-9549-278DE1854EED}.Debug|x86.ActiveCfg = Debug|Any CPU
		{8E2FD814-5BFA-4987-9549-278DE1854EED}.Debug|x86.Build.0 = Debug|Any CPU
		{8E2FD814-5BFA-4987-9549-278DE1854EED}.Release|Any CPU.ActiveCfg = Release|Any CPU
		{8E2FD814-5BFA-4987-9549-278DE1854EED}.Release|Any CPU.Build.0 = Release|Any CPU
		{8E2FD814-5BFA-4987-9549-278DE1854EED}.Release|x64.ActiveCfg = Release|Any CPU
		{8E2FD814-5BFA-4987-9549-278DE1854EED}.Release|x64.Build.0 = Release|Any CPU
		{8E2FD814-5BFA-4987-9549-278DE1854EED}.Release|x86.ActiveCfg = Release|Any CPU
		{8E2FD814-5BFA-4987-9549-278DE1854EED}.Release|x86.Build.0 = Release|Any CPU
		{088216C9-59E2-46AD-B489-85DB6711C31F}.Debug|Any CPU.ActiveCfg = Debug|Any CPU
		{088216C9-59E2-46AD-B489-85DB6711C31F}.Debug|Any CPU.Build.0 = Debug|Any CPU
		{088216C9-59E2-46AD-B489-85DB6711C31F}.Debug|x64.ActiveCfg = Debug|Any CPU
		{088216C9-59E2-46AD-B489-85DB6711C31F}.Debug|x64.Build.0 = Debug|Any CPU
		{088216C9-59E2-46AD-B489-85DB6711C31F}.Debug|x86.ActiveCfg = Debug|Any CPU
		{088216C9-59E2-46AD-B489-85DB6711C31F}.Debug|x86.Build.0 = Debug|Any CPU
		{088216C9-59E2-46AD-B489-85DB6711C31F}.Release|Any CPU.ActiveCfg = Release|Any CPU
		{088216C9-59E2-46AD-B489-85DB6711C31F}.Release|Any CPU.Build.0 = Release|Any CPU
		{088216C9-59E2-46AD-B489-85DB6711C31F}.Release|x64.ActiveCfg = Release|Any CPU
		{088216C9-59E2-46AD-B489-85DB6711C31F}.Release|x64.Build.0 = Release|Any CPU
		{088216C9-59E2-46AD-B489-85DB6711C31F}.Release|x86.ActiveCfg = Release|Any CPU
		{088216C9-59E2-46AD-B489-85DB6711C31F}.Release|x86.Build.0 = Release|Any CPU
		{37AD77E2-5DA1-41E2-843B-46EABBD497DA}.Debug|Any CPU.ActiveCfg = Debug|Any CPU
		{37AD77E2-5DA1-41E2-843B-46EABBD497DA}.Debug|Any CPU.Build.0 = Debug|Any CPU
		{37AD77E2-5DA1-41E2-843B-46EABBD497DA}.Debug|x64.ActiveCfg = Debug|Any CPU
		{37AD77E2-5DA1-41E2-843B-46EABBD497DA}.Debug|x64.Build.0 = Debug|Any CPU
		{37AD77E2-5DA1-41E2-843B-46EABBD497DA}.Debug|x86.ActiveCfg = Debug|Any CPU
		{37AD77E2-5DA1-41E2-843B-46EABBD497DA}.Debug|x86.Build.0 = Debug|Any CPU
		{37AD77E2-5DA1-41E2-843B-46EABBD497DA}.Release|Any CPU.ActiveCfg = Release|Any CPU
		{37AD77E2-5DA1-41E2-843B-46EABBD497DA}.Release|Any CPU.Build.0 = Release|Any CPU
		{37AD77E2-5DA1-41E2-843B-46EABBD497DA}.Release|x64.ActiveCfg = Release|Any CPU
		{37AD77E2-5DA1-41E2-843B-46EABBD497DA}.Release|x64.Build.0 = Release|Any CPU
		{37AD77E2-5DA1-41E2-843B-46EABBD497DA}.Release|x86.ActiveCfg = Release|Any CPU
		{37AD77E2-5DA1-41E2-843B-46EABBD497DA}.Release|x86.Build.0 = Release|Any CPU
		{29C3F1B1-3D07-4260-ADC0-76980E15A78D}.Debug|Any CPU.ActiveCfg = Debug|Any CPU
		{29C3F1B1-3D07-4260-ADC0-76980E15A78D}.Debug|Any CPU.Build.0 = Debug|Any CPU
		{29C3F1B1-3D07-4260-ADC0-76980E15A78D}.Debug|x64.ActiveCfg = Debug|Any CPU
		{29C3F1B1-3D07-4260-ADC0-76980E15A78D}.Debug|x64.Build.0 = Debug|Any CPU
		{29C3F1B1-3D07-4260-ADC0-76980E15A78D}.Debug|x86.ActiveCfg = Debug|Any CPU
		{29C3F1B1-3D07-4260-ADC0-76980E15A78D}.Debug|x86.Build.0 = Debug|Any CPU
		{29C3F1B1-3D07-4260-ADC0-76980E15A78D}.Release|Any CPU.ActiveCfg = Release|Any CPU
		{29C3F1B1-3D07-4260-ADC0-76980E15A78D}.Release|Any CPU.Build.0 = Release|Any CPU
		{29C3F1B1-3D07-4260-ADC0-76980E15A78D}.Release|x64.ActiveCfg = Release|Any CPU
		{29C3F1B1-3D07-4260-ADC0-76980E15A78D}.Release|x64.Build.0 = Release|Any CPU
		{29C3F1B1-3D07-4260-ADC0-76980E15A78D}.Release|x86.ActiveCfg = Release|Any CPU
		{29C3F1B1-3D07-4260-ADC0-76980E15A78D}.Release|x86.Build.0 = Release|Any CPU
		{E186848F-1452-4B11-8DAF-C262F39ECB40}.Debug|Any CPU.ActiveCfg = Debug|Any CPU
		{E186848F-1452-4B11-8DAF-C262F39ECB40}.Debug|Any CPU.Build.0 = Debug|Any CPU
		{E186848F-1452-4B11-8DAF-C262F39ECB40}.Debug|x64.ActiveCfg = Debug|Any CPU
		{E186848F-1452-4B11-8DAF-C262F39ECB40}.Debug|x64.Build.0 = Debug|Any CPU
		{E186848F-1452-4B11-8DAF-C262F39ECB40}.Debug|x86.ActiveCfg = Debug|Any CPU
		{E186848F-1452-4B11-8DAF-C262F39ECB40}.Debug|x86.Build.0 = Debug|Any CPU
		{E186848F-1452-4B11-8DAF-C262F39ECB40}.Release|Any CPU.ActiveCfg = Release|Any CPU
		{E186848F-1452-4B11-8DAF-C262F39ECB40}.Release|Any CPU.Build.0 = Release|Any CPU
		{E186848F-1452-4B11-8DAF-C262F39ECB40}.Release|x64.ActiveCfg = Release|Any CPU
		{E186848F-1452-4B11-8DAF-C262F39ECB40}.Release|x64.Build.0 = Release|Any CPU
		{E186848F-1452-4B11-8DAF-C262F39ECB40}.Release|x86.ActiveCfg = Release|Any CPU
		{E186848F-1452-4B11-8DAF-C262F39ECB40}.Release|x86.Build.0 = Release|Any CPU
		{0E1B7A5E-A651-4D9E-BF20-619FC51E1620}.Debug|Any CPU.ActiveCfg = Debug|Any CPU
		{0E1B7A5E-A651-4D9E-BF20-619FC51E1620}.Debug|Any CPU.Build.0 = Debug|Any CPU
		{0E1B7A5E-A651-4D9E-BF20-619FC51E1620}.Debug|x64.ActiveCfg = Debug|Any CPU
		{0E1B7A5E-A651-4D9E-BF20-619FC51E1620}.Debug|x64.Build.0 = Debug|Any CPU
		{0E1B7A5E-A651-4D9E-BF20-619FC51E1620}.Debug|x86.ActiveCfg = Debug|Any CPU
		{0E1B7A5E-A651-4D9E-BF20-619FC51E1620}.Debug|x86.Build.0 = Debug|Any CPU
		{0E1B7A5E-A651-4D9E-BF20-619FC51E1620}.Release|Any CPU.ActiveCfg = Release|Any CPU
		{0E1B7A5E-A651-4D9E-BF20-619FC51E1620}.Release|Any CPU.Build.0 = Release|Any CPU
		{0E1B7A5E-A651-4D9E-BF20-619FC51E1620}.Release|x64.ActiveCfg = Release|Any CPU
		{0E1B7A5E-A651-4D9E-BF20-619FC51E1620}.Release|x64.Build.0 = Release|Any CPU
		{0E1B7A5E-A651-4D9E-BF20-619FC51E1620}.Release|x86.ActiveCfg = Release|Any CPU
		{0E1B7A5E-A651-4D9E-BF20-619FC51E1620}.Release|x86.Build.0 = Release|Any CPU
		{5B2A3FC4-42EE-43E7-8F84-4A71F23C2653}.Debug|Any CPU.ActiveCfg = Debug|Any CPU
		{5B2A3FC4-42EE-43E7-8F84-4A71F23C2653}.Debug|Any CPU.Build.0 = Debug|Any CPU
		{5B2A3FC4-42EE-43E7-8F84-4A71F23C2653}.Debug|x64.ActiveCfg = Debug|Any CPU
		{5B2A3FC4-42EE-43E7-8F84-4A71F23C2653}.Debug|x64.Build.0 = Debug|Any CPU
		{5B2A3FC4-42EE-43E7-8F84-4A71F23C2653}.Debug|x86.ActiveCfg = Debug|Any CPU
		{5B2A3FC4-42EE-43E7-8F84-4A71F23C2653}.Debug|x86.Build.0 = Debug|Any CPU
		{5B2A3FC4-42EE-43E7-8F84-4A71F23C2653}.Release|Any CPU.ActiveCfg = Release|Any CPU
		{5B2A3FC4-42EE-43E7-8F84-4A71F23C2653}.Release|Any CPU.Build.0 = Release|Any CPU
		{5B2A3FC4-42EE-43E7-8F84-4A71F23C2653}.Release|x64.ActiveCfg = Release|Any CPU
		{5B2A3FC4-42EE-43E7-8F84-4A71F23C2653}.Release|x64.Build.0 = Release|Any CPU
		{5B2A3FC4-42EE-43E7-8F84-4A71F23C2653}.Release|x86.ActiveCfg = Release|Any CPU
		{5B2A3FC4-42EE-43E7-8F84-4A71F23C2653}.Release|x86.Build.0 = Release|Any CPU
		{49347573-E3CF-47AE-A754-D7B7E175D444}.Debug|Any CPU.ActiveCfg = Debug|Any CPU
		{49347573-E3CF-47AE-A754-D7B7E175D444}.Debug|Any CPU.Build.0 = Debug|Any CPU
		{49347573-E3CF-47AE-A754-D7B7E175D444}.Debug|x64.ActiveCfg = Debug|Any CPU
		{49347573-E3CF-47AE-A754-D7B7E175D444}.Debug|x64.Build.0 = Debug|Any CPU
		{49347573-E3CF-47AE-A754-D7B7E175D444}.Debug|x86.ActiveCfg = Debug|Any CPU
		{49347573-E3CF-47AE-A754-D7B7E175D444}.Debug|x86.Build.0 = Debug|Any CPU
		{49347573-E3CF-47AE-A754-D7B7E175D444}.Release|Any CPU.ActiveCfg = Release|Any CPU
		{49347573-E3CF-47AE-A754-D7B7E175D444}.Release|Any CPU.Build.0 = Release|Any CPU
		{49347573-E3CF-47AE-A754-D7B7E175D444}.Release|x64.ActiveCfg = Release|Any CPU
		{49347573-E3CF-47AE-A754-D7B7E175D444}.Release|x64.Build.0 = Release|Any CPU
		{49347573-E3CF-47AE-A754-D7B7E175D444}.Release|x86.ActiveCfg = Release|Any CPU
		{49347573-E3CF-47AE-A754-D7B7E175D444}.Release|x86.Build.0 = Release|Any CPU
	EndGlobalSection
	GlobalSection(SolutionProperties) = preSolution
		HideSolutionNode = FALSE
	EndGlobalSection
	GlobalSection(ExtensibilityGlobals) = postSolution
		SolutionGuid = {DC30F5ED-9E58-45A6-B161-2865D1837F34}
	EndGlobalSection
EndGlobal
