
Microsoft Visual Studio Solution File, Format Version 12.00
Project("{FAE04EC0-301F-11D3-BF4B-00C04F79EFBC}") = "06-01", "06-01\06-01.csproj", "{7782F628-B3D5-4C3C-AE18-DB4F0FCA505A}"
EndProject
Project("{FAE04EC0-301F-11D3-BF4B-00C04F79EFBC}") = "06-02", "06-02\06-02.csproj", "{790C40E8-401B-49B3-A115-CFD0E2CB9937}"
EndProject
Project("{FAE04EC0-301F-11D3-BF4B-00C04F79EFBC}") = "06-03", "06-03\06-03.csproj", "{4C47761D-BE93-4244-A3F9-39307681DEB1}"
EndProject
Project("{FAE04EC0-301F-11D3-BF4B-00C04F79EFBC}") = "06-04", "06-04\06-04.csproj", "{3F0B4F90-5A8B-41DC-B68B-15FEE0FB6270}"
EndProject
Project("{FAE04EC0-301F-11D3-BF4B-00C04F79EFBC}") = "06-05", "06-05\06-05.csproj", "{B323C729-794C-430F-8518-13FDAF8E486D}"
EndProject
Project("{FAE04EC0-301F-11D3-BF4B-00C04F79EFBC}") = "06-06", "06-06\06-06.csproj", "{CC6AB1A9-29AC-4477-8E57-40E349319642}"
EndProject
Project("{FAE04EC0-301F-11D3-BF4B-00C04F79EFBC}") = "06-07", "06-07\06-07.csproj", "{885877D9-2530-4B5E-ADF6-48FDA132C456}"
EndProject
Project("{FAE04EC0-301F-11D3-BF4B-00C04F79EFBC}") = "06-08", "06-08\06-08.csproj", "{83524CDD-4A42-4632-9DBF-3DA2C5F7C135}"
EndProject
Project("{FAE04EC0-301F-11D3-BF4B-00C04F79EFBC}") = "06-09", "06-09\06-09.csproj", "{1A49C411-BD7C-4B13-8EC3-EE7CCC7B15E0}"
EndProject
Project("{FAE04EC0-301F-11D3-BF4B-00C04F79EFBC}") = "06-10", "06-10\06-10.csproj", "{21876E14-7215-407C-9BD9-A3028CD06A79}"
EndProject
Project("{FAE04EC0-301F-11D3-BF4B-00C04F79EFBC}") = "06-11", "06-11\06-11.csproj", "{B7C6CD15-0B15-484E-8934-2C92D103DFB9}"
EndProject
Project("{FAE04EC0-301F-11D3-BF4B-00C04F79EFBC}") = "06-12", "06-12\06-12.csproj", "{87454686-4EC2-4BD4-BB88-3B3FDFFBEC93}"
EndProject
Project("{FAE04EC0-301F-11D3-BF4B-00C04F79EFBC}") = "06-13", "06-13\06-13.csproj", "{04DEE8EA-A626-40CB-9057-C788A3BE4BE8}"
EndProject
Global
	GlobalSection(SolutionConfigurationPlatforms) = preSolution
		Debug|Any CPU = Debug|Any CPU
		Release|Any CPU = Release|Any CPU
	EndGlobalSection
	GlobalSection(ProjectConfigurationPlatforms) = postSolution
		{7782F628-B3D5-4C3C-AE18-DB4F0FCA505A}.Debug|Any CPU.ActiveCfg = Debug|Any CPU
		{7782F628-B3D5-4C3C-AE18-DB4F0FCA505A}.Debug|Any CPU.Build.0 = Debug|Any CPU
		{7782F628-B3D5-4C3C-AE18-DB4F0FCA505A}.Release|Any CPU.ActiveCfg = Release|Any CPU
		{7782F628-B3D5-4C3C-AE18-DB4F0FCA505A}.Release|Any CPU.Build.0 = Release|Any CPU
		{790C40E8-401B-49B3-A115-CFD0E2CB9937}.Debug|Any CPU.ActiveCfg = Debug|Any CPU
		{790C40E8-401B-49B3-A115-CFD0E2CB9937}.Debug|Any CPU.Build.0 = Debug|Any CPU
		{790C40E8-401B-49B3-A115-CFD0E2CB9937}.Release|Any CPU.ActiveCfg = Release|Any CPU
		{790C40E8-401B-49B3-A115-CFD0E2CB9937}.Release|Any CPU.Build.0 = Release|Any CPU
		{4C47761D-BE93-4244-A3F9-39307681DEB1}.Debug|Any CPU.ActiveCfg = Debug|Any CPU
		{4C47761D-BE93-4244-A3F9-39307681DEB1}.Debug|Any CPU.Build.0 = Debug|Any CPU
		{4C47761D-BE93-4244-A3F9-39307681DEB1}.Release|Any CPU.ActiveCfg = Release|Any CPU
		{4C47761D-BE93-4244-A3F9-39307681DEB1}.Release|Any CPU.Build.0 = Release|Any CPU
		{3F0B4F90-5A8B-41DC-B68B-15FEE0FB6270}.Debug|Any CPU.ActiveCfg = Debug|Any CPU
		{3F0B4F90-5A8B-41DC-B68B-15FEE0FB6270}.Debug|Any CPU.Build.0 = Debug|Any CPU
		{3F0B4F90-5A8B-41DC-B68B-15FEE0FB6270}.Release|Any CPU.ActiveCfg = Release|Any CPU
		{3F0B4F90-5A8B-41DC-B68B-15FEE0FB6270}.Release|Any CPU.Build.0 = Release|Any CPU
		{B323C729-794C-430F-8518-13FDAF8E486D}.Debug|Any CPU.ActiveCfg = Debug|Any CPU
		{B323C729-794C-430F-8518-13FDAF8E486D}.Debug|Any CPU.Build.0 = Debug|Any CPU
		{B323C729-794C-430F-8518-13FDAF8E486D}.Release|Any CPU.ActiveCfg = Release|Any CPU
		{B323C729-794C-430F-8518-13FDAF8E486D}.Release|Any CPU.Build.0 = Release|Any CPU
		{CC6AB1A9-29AC-4477-8E57-40E349319642}.Debug|Any CPU.ActiveCfg = Debug|Any CPU
		{CC6AB1A9-29AC-4477-8E57-40E349319642}.Debug|Any CPU.Build.0 = Debug|Any CPU
		{CC6AB1A9-29AC-4477-8E57-40E349319642}.Release|Any CPU.ActiveCfg = Release|Any CPU
		{CC6AB1A9-29AC-4477-8E57-40E349319642}.Release|Any CPU.Build.0 = Release|Any CPU
		{885877D9-2530-4B5E-ADF6-48FDA132C456}.Debug|Any CPU.ActiveCfg = Debug|Any CPU
		{885877D9-2530-4B5E-ADF6-48FDA132C456}.Debug|Any CPU.Build.0 = Debug|Any CPU
		{885877D9-2530-4B5E-ADF6-48FDA132C456}.Release|Any CPU.ActiveCfg = Release|Any CPU
		{885877D9-2530-4B5E-ADF6-48FDA132C456}.Release|Any CPU.Build.0 = Release|Any CPU
		{83524CDD-4A42-4632-9DBF-3DA2C5F7C135}.Debug|Any CPU.ActiveCfg = Debug|Any CPU
		{83524CDD-4A42-4632-9DBF-3DA2C5F7C135}.Debug|Any CPU.Build.0 = Debug|Any CPU
		{83524CDD-4A42-4632-9DBF-3DA2C5F7C135}.Release|Any CPU.ActiveCfg = Release|Any CPU
		{83524CDD-4A42-4632-9DBF-3DA2C5F7C135}.Release|Any CPU.Build.0 = Release|Any CPU
		{1A49C411-BD7C-4B13-8EC3-EE7CCC7B15E0}.Debug|Any CPU.ActiveCfg = Debug|Any CPU
		{1A49C411-BD7C-4B13-8EC3-EE7CCC7B15E0}.Debug|Any CPU.Build.0 = Debug|Any CPU
		{1A49C411-BD7C-4B13-8EC3-EE7CCC7B15E0}.Release|Any CPU.ActiveCfg = Release|Any CPU
		{1A49C411-BD7C-4B13-8EC3-EE7CCC7B15E0}.Release|Any CPU.Build.0 = Release|Any CPU
		{21876E14-7215-407C-9BD9-A3028CD06A79}.Debug|Any CPU.ActiveCfg = Debug|Any CPU
		{21876E14-7215-407C-9BD9-A3028CD06A79}.Debug|Any CPU.Build.0 = Debug|Any CPU
		{21876E14-7215-407C-9BD9-A3028CD06A79}.Release|Any CPU.ActiveCfg = Release|Any CPU
		{21876E14-7215-407C-9BD9-A3028CD06A79}.Release|Any CPU.Build.0 = Release|Any CPU
		{B7C6CD15-0B15-484E-8934-2C92D103DFB9}.Debug|Any CPU.ActiveCfg = Debug|Any CPU
		{B7C6CD15-0B15-484E-8934-2C92D103DFB9}.Debug|Any CPU.Build.0 = Debug|Any CPU
		{B7C6CD15-0B15-484E-8934-2C92D103DFB9}.Release|Any CPU.ActiveCfg = Release|Any CPU
		{B7C6CD15-0B15-484E-8934-2C92D103DFB9}.Release|Any CPU.Build.0 = Release|Any CPU
		{87454686-4EC2-4BD4-BB88-3B3FDFFBEC93}.Debug|Any CPU.ActiveCfg = Debug|Any CPU
		{87454686-4EC2-4BD4-BB88-3B3FDFFBEC93}.Debug|Any CPU.Build.0 = Debug|Any CPU
		{87454686-4EC2-4BD4-BB88-3B3FDFFBEC93}.Release|Any CPU.ActiveCfg = Release|Any CPU
		{87454686-4EC2-4BD4-BB88-3B3FDFFBEC93}.Release|Any CPU.Build.0 = Release|Any CPU
		{04DEE8EA-A626-40CB-9057-C788A3BE4BE8}.Debug|Any CPU.ActiveCfg = Debug|Any CPU
		{04DEE8EA-A626-40CB-9057-C788A3BE4BE8}.Debug|Any CPU.Build.0 = Debug|Any CPU
		{04DEE8EA-A626-40CB-9057-C788A3BE4BE8}.Release|Any CPU.ActiveCfg = Release|Any CPU
		{04DEE8EA-A626-40CB-9057-C788A3BE4BE8}.Release|Any CPU.Build.0 = Release|Any CPU
	EndGlobalSection
EndGlobal
