
Microsoft Visual Studio Solution File, Format Version 12.00
Project("{FAE04EC0-301F-11D3-BF4B-00C04F79EFBC}") = "07-01", "07-01\07-01.csproj", "{64629E66-EBCF-4ABF-934C-2FBEF9C13277}"
EndProject
Project("{FAE04EC0-301F-11D3-BF4B-00C04F79EFBC}") = "07-02", "07-02\07-02.csproj", "{4FC45033-569B-4014-80C5-3F1CFFC04DC7}"
EndProject
Project("{FAE04EC0-301F-11D3-BF4B-00C04F79EFBC}") = "07-03", "07-03\07-03.csproj", "{EFCCAB75-3616-42DB-9C29-C4EF3750C237}"
EndProject
Project("{FAE04EC0-301F-11D3-BF4B-00C04F79EFBC}") = "07-04", "07-04\07-04.csproj", "{AA6367D3-1195-48B8-99DC-9A477B2349A3}"
EndProject
Project("{FAE04EC0-301F-11D3-BF4B-00C04F79EFBC}") = "M07-05", "M07-05\M07-05.csproj", "{2222E330-BC34-45A2-9C50-C536F865CAC0}"
EndProject
Project("{FAE04EC0-301F-11D3-BF4B-00C04F79EFBC}") = "M07-06", "M07-06\M07-06.csproj", "{1BCE83E6-4CE0-4907-A611-556EE7120CED}"
EndProject
Project("{FAE04EC0-301F-11D3-BF4B-00C04F79EFBC}") = "M07-07", "M07-07\M07-07.csproj", "{D0EBFE60-8D6D-4E9A-A580-0F766B3810BF}"
EndProject
Project("{FAE04EC0-301F-11D3-BF4B-00C04F79EFBC}") = "M07-08", "M07-08\M07-08.csproj", "{C96F079C-92B6-426C-92B9-EC8998959672}"
EndProject
Global
	GlobalSection(SolutionConfigurationPlatforms) = preSolution
		Debug|Any CPU = Debug|Any CPU
		Release|Any CPU = Release|Any CPU
	EndGlobalSection
	GlobalSection(ProjectConfigurationPlatforms) = postSolution
		{64629E66-EBCF-4ABF-934C-2FBEF9C13277}.Debug|Any CPU.ActiveCfg = Debug|Any CPU
		{64629E66-EBCF-4ABF-934C-2FBEF9C13277}.Debug|Any CPU.Build.0 = Debug|Any CPU
		{64629E66-EBCF-4ABF-934C-2FBEF9C13277}.Release|Any CPU.ActiveCfg = Release|Any CPU
		{64629E66-EBCF-4ABF-934C-2FBEF9C13277}.Release|Any CPU.Build.0 = Release|Any CPU
		{4FC45033-569B-4014-80C5-3F1CFFC04DC7}.Debug|Any CPU.ActiveCfg = Debug|Any CPU
		{4FC45033-569B-4014-80C5-3F1CFFC04DC7}.Debug|Any CPU.Build.0 = Debug|Any CPU
		{4FC45033-569B-4014-80C5-3F1CFFC04DC7}.Release|Any CPU.ActiveCfg = Release|Any CPU
		{4FC45033-569B-4014-80C5-3F1CFFC04DC7}.Release|Any CPU.Build.0 = Release|Any CPU
		{EFCCAB75-3616-42DB-9C29-C4EF3750C237}.Debug|Any CPU.ActiveCfg = Debug|Any CPU
		{EFCCAB75-3616-42DB-9C29-C4EF3750C237}.Debug|Any CPU.Build.0 = Debug|Any CPU
		{EFCCAB75-3616-42DB-9C29-C4EF3750C237}.Release|Any CPU.ActiveCfg = Release|Any CPU
		{EFCCAB75-3616-42DB-9C29-C4EF3750C237}.Release|Any CPU.Build.0 = Release|Any CPU
		{AA6367D3-1195-48B8-99DC-9A477B2349A3}.Debug|Any CPU.ActiveCfg = Debug|Any CPU
		{AA6367D3-1195-48B8-99DC-9A477B2349A3}.Debug|Any CPU.Build.0 = Debug|Any CPU
		{AA6367D3-1195-48B8-99DC-9A477B2349A3}.Release|Any CPU.ActiveCfg = Release|Any CPU
		{AA6367D3-1195-48B8-99DC-9A477B2349A3}.Release|Any CPU.Build.0 = Release|Any CPU
		{2222E330-BC34-45A2-9C50-C536F865CAC0}.Debug|Any CPU.ActiveCfg = Debug|Any CPU
		{2222E330-BC34-45A2-9C50-C536F865CAC0}.Debug|Any CPU.Build.0 = Debug|Any CPU
		{2222E330-BC34-45A2-9C50-C536F865CAC0}.Release|Any CPU.ActiveCfg = Release|Any CPU
		{2222E330-BC34-45A2-9C50-C536F865CAC0}.Release|Any CPU.Build.0 = Release|Any CPU
		{1BCE83E6-4CE0-4907-A611-556EE7120CED}.Debug|Any CPU.ActiveCfg = Debug|Any CPU
		{1BCE83E6-4CE0-4907-A611-556EE7120CED}.Debug|Any CPU.Build.0 = Debug|Any CPU
		{1BCE83E6-4CE0-4907-A611-556EE7120CED}.Release|Any CPU.ActiveCfg = Release|Any CPU
		{1BCE83E6-4CE0-4907-A611-556EE7120CED}.Release|Any CPU.Build.0 = Release|Any CPU
		{D0EBFE60-8D6D-4E9A-A580-0F766B3810BF}.Debug|Any CPU.ActiveCfg = Debug|Any CPU
		{D0EBFE60-8D6D-4E9A-A580-0F766B3810BF}.Debug|Any CPU.Build.0 = Debug|Any CPU
		{D0EBFE60-8D6D-4E9A-A580-0F766B3810BF}.Release|Any CPU.ActiveCfg = Release|Any CPU
		{D0EBFE60-8D6D-4E9A-A580-0F766B3810BF}.Release|Any CPU.Build.0 = Release|Any CPU
		{C96F079C-92B6-426C-92B9-EC8998959672}.Debug|Any CPU.ActiveCfg = Debug|Any CPU
		{C96F079C-92B6-426C-92B9-EC8998959672}.Debug|Any CPU.Build.0 = Debug|Any CPU
		{C96F079C-92B6-426C-92B9-EC8998959672}.Release|Any CPU.ActiveCfg = Release|Any CPU
		{C96F079C-92B6-426C-92B9-EC8998959672}.Release|Any CPU.Build.0 = Release|Any CPU
	EndGlobalSection
EndGlobal
